
Microsoft Visual Studio Solution File, Format Version 12.00
# Visual Studio 15
VisualStudioVersion = 15.0.28010.2016
MinimumVisualStudioVersion = 10.0.40219.1
Project("{FAE04EC0-301F-11D3-BF4B-00C04F79EFBC}") = "WOTC_State_Batch_Configurator", "WOTC_State_Batch_Configurator\WOTC_State_Batch_Configurator.csproj", "{7F728A7B-E41A-4BB7-AA5B-B7DE15187915}"
EndProject
Global
	GlobalSection(SolutionConfigurationPlatforms) = preSolution
		Debug|Any CPU = Debug|Any CPU
		Release|Any CPU = Release|Any CPU
	EndGlobalSection
	GlobalSection(ProjectConfigurationPlatforms) = postSolution
		{7F728A7B-E41A-4BB7-AA5B-B7DE15187915}.Debug|Any CPU.ActiveCfg = Debug|Any CPU
		{7F728A7B-E41A-4BB7-AA5B-B7DE15187915}.Debug|Any CPU.Build.0 = Debug|Any CPU
		{7F728A7B-E41A-4BB7-AA5B-B7DE15187915}.Release|Any CPU.ActiveCfg = Release|Any CPU
		{7F728A7B-E41A-4BB7-AA5B-B7DE15187915}.Release|Any CPU.Build.0 = Release|Any CPU
	EndGlobalSection
	GlobalSection(SolutionProperties) = preSolution
		HideSolutionNode = FALSE
	EndGlobalSection
	GlobalSection(ExtensibilityGlobals) = postSolution
		SolutionGuid = {C0358205-00EE-44A8-9505-D6288194CE4C}
	EndGlobalSection
EndGlobal
